
Microsoft Visual Studio Solution File, Format Version 12.00
# Visual Studio 15
VisualStudioVersion = 15.0.28010.2019
MinimumVisualStudioVersion = 10.0.40219.1
Project("{9A19103F-16F7-4668-BE54-9A1E7A4F7556}") = "BGCatalog.Web", "BGCatalog\BGCatalog.Web.csproj", "{559095DD-CAE4-40D6-8A62-E570BE3C0A0B}"
EndProject
Global
	GlobalSection(SolutionConfigurationPlatforms) = preSolution
		Debug|Any CPU = Debug|Any CPU
		Release|Any CPU = Release|Any CPU
	EndGlobalSection
	GlobalSection(ProjectConfigurationPlatforms) = postSolution
		{559095DD-CAE4-40D6-8A62-E570BE3C0A0B}.Debug|Any CPU.ActiveCfg = Debug|Any CPU
		{559095DD-CAE4-40D6-8A62-E570BE3C0A0B}.Debug|Any CPU.Build.0 = Debug|Any CPU
		{559095DD-CAE4-40D6-8A62-E570BE3C0A0B}.Release|Any CPU.ActiveCfg = Release|Any CPU
		{559095DD-CAE4-40D6-8A62-E570BE3C0A0B}.Release|Any CPU.Build.0 = Release|Any CPU
	EndGlobalSection
	GlobalSection(SolutionProperties) = preSolution
		HideSolutionNode = FALSE
	EndGlobalSection
	GlobalSection(ExtensibilityGlobals) = postSolution
		SolutionGuid = {FE875DCA-2C27-480A-91BA-68E6F62B8E99}
	EndGlobalSection
EndGlobal
